// !$*UTF8*$!
{
	archiveVersion = 1;
	classes = {
	};
	objectVersion = 55;
	objects = {

/* Begin PBXBuildFile section */
		5324DF7C279D909200961BC8 /* Favorite.swift in Sources */ = {isa = PBXBuildFile; fileRef = 5324DF7B279D909200961BC8 /* Favorite.swift */; };
		5324DF7E279D90CD00961BC8 /* RecipesList.swift in Sources */ = {isa = PBXBuildFile; fileRef = 5324DF7D279D90CD00961BC8 /* RecipesList.swift */; };
		5324DF80279DA15F00961BC8 /* CoreDataStack.swift in Sources */ = {isa = PBXBuildFile; fileRef = 5324DF7F279DA15F00961BC8 /* CoreDataStack.swift */; };
		53250B1F279AB9B5006ADD60 /* Recipes.swift in Sources */ = {isa = PBXBuildFile; fileRef = 53250B1E279AB9B5006ADD60 /* Recipes.swift */; };
		53250B21279B1E86006ADD60 /* ErrorController.swift in Sources */ = {isa = PBXBuildFile; fileRef = 53250B20279B1E86006ADD60 /* ErrorController.swift */; };
		533EC89C2796B0C400A0CAB6 /* AppDelegate.swift in Sources */ = {isa = PBXBuildFile; fileRef = 533EC89B2796B0C400A0CAB6 /* AppDelegate.swift */; };
		533EC89E2796B0C400A0CAB6 /* SceneDelegate.swift in Sources */ = {isa = PBXBuildFile; fileRef = 533EC89D2796B0C400A0CAB6 /* SceneDelegate.swift */; };
		533EC8A62796B0C400A0CAB6 /* Recipplease.xcdatamodeld in Sources */ = {isa = PBXBuildFile; fileRef = 533EC8A42796B0C400A0CAB6 /* Recipplease.xcdatamodeld */; };
		533EC8B62796B0C600A0CAB6 /* RecippleaseTests.swift in Sources */ = {isa = PBXBuildFile; fileRef = 533EC8B52796B0C600A0CAB6 /* RecippleaseTests.swift */; };
		533EC8C02796B0C600A0CAB6 /* RecippleaseUITests.swift in Sources */ = {isa = PBXBuildFile; fileRef = 533EC8BF2796B0C600A0CAB6 /* RecippleaseUITests.swift */; };
		533EC8C22796B0C600A0CAB6 /* RecippleaseUITestsLaunchTests.swift in Sources */ = {isa = PBXBuildFile; fileRef = 533EC8C12796B0C600A0CAB6 /* RecippleaseUITestsLaunchTests.swift */; };
		533EC8DD2796ECCC00A0CAB6 /* SearchViewController.swift in Sources */ = {isa = PBXBuildFile; fileRef = 533EC8DC2796ECCC00A0CAB6 /* SearchViewController.swift */; };
		53558B6F279EEA06005CB587 /* RecipesFavoriteTableViewCell.swift in Sources */ = {isa = PBXBuildFile; fileRef = 53558B6E279EEA06005CB587 /* RecipesFavoriteTableViewCell.swift */; };
		53558B71279EEDAA005CB587 /* FavoriteRecipesViewController.swift in Sources */ = {isa = PBXBuildFile; fileRef = 53558B70279EEDAA005CB587 /* FavoriteRecipesViewController.swift */; };
		53558B73279EF205005CB587 /* FavoriteRecipes.swift in Sources */ = {isa = PBXBuildFile; fileRef = 53558B72279EF205005CB587 /* FavoriteRecipes.swift */; };
		5362285E27A6D5530042013C /* UIImageView +.swift in Sources */ = {isa = PBXBuildFile; fileRef = 5362285D27A6D5530042013C /* UIImageView +.swift */; };
		5362286027A6E48C0042013C /* ConfigureRecipeDetails.swift in Sources */ = {isa = PBXBuildFile; fileRef = 5362285F27A6E48C0042013C /* ConfigureRecipeDetails.swift */; };
		5362289A27A84EDD0042013C /* Alamofire.framework in Frameworks */ = {isa = PBXBuildFile; fileRef = 5362286F27A83EEF0042013C /* Alamofire.framework */; };
		5362289B27A84EDD0042013C /* Alamofire.framework in Embed Frameworks */ = {isa = PBXBuildFile; fileRef = 5362286F27A83EEF0042013C /* Alamofire.framework */; settings = {ATTRIBUTES = (CodeSignOnCopy, RemoveHeadersOnCopy, ); }; };
		5362289C27A850440042013C /* Main.storyboard in Resources */ = {isa = PBXBuildFile; fileRef = 533EC8A12796B0C400A0CAB6 /* Main.storyboard */; };
		5362289D27A8504E0042013C /* LaunchScreen.storyboard in Resources */ = {isa = PBXBuildFile; fileRef = 533EC8A92796B0C600A0CAB6 /* LaunchScreen.storyboard */; };
		5362289E27A850520042013C /* Assets.xcassets in Resources */ = {isa = PBXBuildFile; fileRef = 533EC8A72796B0C600A0CAB6 /* Assets.xcassets */; };
		538574C8279814EC006B8CF4 /* RecipesJSONResponse.swift in Sources */ = {isa = PBXBuildFile; fileRef = 538574C7279814EB006B8CF4 /* RecipesJSONResponse.swift */; };
		538574CA279825D3006B8CF4 /* Search.swift in Sources */ = {isa = PBXBuildFile; fileRef = 538574C9279825D3006B8CF4 /* Search.swift */; };
		538574CC2799BFF1006B8CF4 /* RecipesResearchListViewController.swift in Sources */ = {isa = PBXBuildFile; fileRef = 538574CB2799BFF1006B8CF4 /* RecipesResearchListViewController.swift */; };
		538574CE2799D0B3006B8CF4 /* RecipesSearchTableViewCell.swift in Sources */ = {isa = PBXBuildFile; fileRef = 538574CD2799D0B3006B8CF4 /* RecipesSearchTableViewCell.swift */; };
		538574D2279AA2CF006B8CF4 /* AddIngredients.swift in Sources */ = {isa = PBXBuildFile; fileRef = 538574D1279AA2CF006B8CF4 /* AddIngredients.swift */; };
		5386949A279C5B170019E00D /* RecipesDetailsViewController.swift in Sources */ = {isa = PBXBuildFile; fileRef = 53869499279C5B170019E00D /* RecipesDetailsViewController.swift */; };
		5386949C279C62560019E00D /* RecipesIngredients.swift in Sources */ = {isa = PBXBuildFile; fileRef = 5386949B279C62560019E00D /* RecipesIngredients.swift */; };
/* End PBXBuildFile section */

/* Begin PBXContainerItemProxy section */
		533EC8B22796B0C600A0CAB6 /* PBXContainerItemProxy */ = {
			isa = PBXContainerItemProxy;
			containerPortal = 533EC8902796B0C400A0CAB6 /* Project object */;
			proxyType = 1;
			remoteGlobalIDString = 533EC8972796B0C400A0CAB6;
			remoteInfo = Recipplease;
		};
		533EC8BC2796B0C600A0CAB6 /* PBXContainerItemProxy */ = {
			isa = PBXContainerItemProxy;
			containerPortal = 533EC8902796B0C400A0CAB6 /* Project object */;
			proxyType = 1;
			remoteGlobalIDString = 533EC8972796B0C400A0CAB6;
			remoteInfo = Recipplease;
		};
		5362286E27A83EEF0042013C /* PBXContainerItemProxy */ = {
			isa = PBXContainerItemProxy;
			containerPortal = 5362286327A83EED0042013C /* Alamofire.xcodeproj */;
			proxyType = 2;
			remoteGlobalIDString = F8111E3319A95C8B0040E7D1;
			remoteInfo = "Alamofire iOS";
		};
		5362287027A83EEF0042013C /* PBXContainerItemProxy */ = {
			isa = PBXContainerItemProxy;
			containerPortal = 5362286327A83EED0042013C /* Alamofire.xcodeproj */;
			proxyType = 2;
			remoteGlobalIDString = F8111E3E19A95C8B0040E7D1;
			remoteInfo = "Alamofire iOS Tests";
		};
		5362287227A83EEF0042013C /* PBXContainerItemProxy */ = {
			isa = PBXContainerItemProxy;
			containerPortal = 5362286327A83EED0042013C /* Alamofire.xcodeproj */;
			proxyType = 2;
			remoteGlobalIDString = 4DD67C0B1A5C55C900ED2280;
			remoteInfo = "Alamofire macOS";
		};
		5362287427A83EEF0042013C /* PBXContainerItemProxy */ = {
			isa = PBXContainerItemProxy;
			containerPortal = 5362286327A83EED0042013C /* Alamofire.xcodeproj */;
			proxyType = 2;
			remoteGlobalIDString = F829C6B21A7A94F100A2CD59;
			remoteInfo = "Alamofire macOS Tests";
		};
		5362287627A83EEF0042013C /* PBXContainerItemProxy */ = {
			isa = PBXContainerItemProxy;
			containerPortal = 5362286327A83EED0042013C /* Alamofire.xcodeproj */;
			proxyType = 2;
			remoteGlobalIDString = 4CF626EF1BA7CB3E0011A099;
			remoteInfo = "Alamofire tvOS";
		};
		5362287827A83EEF0042013C /* PBXContainerItemProxy */ = {
			isa = PBXContainerItemProxy;
			containerPortal = 5362286327A83EED0042013C /* Alamofire.xcodeproj */;
			proxyType = 2;
			remoteGlobalIDString = 4CF626F81BA7CB3E0011A099;
			remoteInfo = "Alamofire tvOS Tests";
		};
		5362287A27A83EEF0042013C /* PBXContainerItemProxy */ = {
			isa = PBXContainerItemProxy;
			containerPortal = 5362286327A83EED0042013C /* Alamofire.xcodeproj */;
			proxyType = 2;
			remoteGlobalIDString = E4202FE01B667AA100C997FB;
			remoteInfo = "Alamofire watchOS";
		};
		5362287C27A83EEF0042013C /* PBXContainerItemProxy */ = {
			isa = PBXContainerItemProxy;
			containerPortal = 5362286327A83EED0042013C /* Alamofire.xcodeproj */;
			proxyType = 2;
			remoteGlobalIDString = 31293065263E17D600473CEA;
			remoteInfo = "Alamofire watchOS Tests";
		};
/* End PBXContainerItemProxy section */

/* Begin PBXCopyFilesBuildPhase section */
		5362288127A840A70042013C /* Embed Frameworks */ = {
			isa = PBXCopyFilesBuildPhase;
			buildActionMask = 2147483647;
			dstPath = "";
			dstSubfolderSpec = 10;
			files = (
				5362289B27A84EDD0042013C /* Alamofire.framework in Embed Frameworks */,
			);
			name = "Embed Frameworks";
			runOnlyForDeploymentPostprocessing = 0;
		};
/* End PBXCopyFilesBuildPhase section */

/* Begin PBXFileReference section */
		5324DF7B279D909200961BC8 /* Favorite.swift */ = {isa = PBXFileReference; lastKnownFileType = sourcecode.swift; path = Favorite.swift; sourceTree = "<group>"; };
		5324DF7D279D90CD00961BC8 /* RecipesList.swift */ = {isa = PBXFileReference; lastKnownFileType = sourcecode.swift; path = RecipesList.swift; sourceTree = "<group>"; };
		5324DF7F279DA15F00961BC8 /* CoreDataStack.swift */ = {isa = PBXFileReference; lastKnownFileType = sourcecode.swift; path = CoreDataStack.swift; sourceTree = "<group>"; };
		53250B1E279AB9B5006ADD60 /* Recipes.swift */ = {isa = PBXFileReference; lastKnownFileType = sourcecode.swift; path = Recipes.swift; sourceTree = "<group>"; };
		53250B20279B1E86006ADD60 /* ErrorController.swift */ = {isa = PBXFileReference; lastKnownFileType = sourcecode.swift; path = ErrorController.swift; sourceTree = "<group>"; };
		533EC8982796B0C400A0CAB6 /* Recipplease.app */ = {isa = PBXFileReference; explicitFileType = wrapper.application; includeInIndex = 0; path = Recipplease.app; sourceTree = BUILT_PRODUCTS_DIR; };
		533EC89B2796B0C400A0CAB6 /* AppDelegate.swift */ = {isa = PBXFileReference; lastKnownFileType = sourcecode.swift; path = AppDelegate.swift; sourceTree = "<group>"; };
		533EC89D2796B0C400A0CAB6 /* SceneDelegate.swift */ = {isa = PBXFileReference; lastKnownFileType = sourcecode.swift; path = SceneDelegate.swift; sourceTree = "<group>"; };
		533EC8A22796B0C400A0CAB6 /* Base */ = {isa = PBXFileReference; lastKnownFileType = file.storyboard; name = Base; path = Base.lproj/Main.storyboard; sourceTree = "<group>"; };
		533EC8A52796B0C400A0CAB6 /* Recipplease.xcdatamodel */ = {isa = PBXFileReference; lastKnownFileType = wrapper.xcdatamodel; path = Recipplease.xcdatamodel; sourceTree = "<group>"; };
		533EC8A72796B0C600A0CAB6 /* Assets.xcassets */ = {isa = PBXFileReference; lastKnownFileType = folder.assetcatalog; path = Assets.xcassets; sourceTree = "<group>"; };
		533EC8AA2796B0C600A0CAB6 /* Base */ = {isa = PBXFileReference; lastKnownFileType = file.storyboard; name = Base; path = Base.lproj/LaunchScreen.storyboard; sourceTree = "<group>"; };
		533EC8AC2796B0C600A0CAB6 /* Info.plist */ = {isa = PBXFileReference; lastKnownFileType = text.plist.xml; path = Info.plist; sourceTree = "<group>"; };
		533EC8B12796B0C600A0CAB6 /* RecippleaseTests.xctest */ = {isa = PBXFileReference; explicitFileType = wrapper.cfbundle; includeInIndex = 0; path = RecippleaseTests.xctest; sourceTree = BUILT_PRODUCTS_DIR; };
		533EC8B52796B0C600A0CAB6 /* RecippleaseTests.swift */ = {isa = PBXFileReference; lastKnownFileType = sourcecode.swift; path = RecippleaseTests.swift; sourceTree = "<group>"; };
		533EC8BB2796B0C600A0CAB6 /* RecippleaseUITests.xctest */ = {isa = PBXFileReference; explicitFileType = wrapper.cfbundle; includeInIndex = 0; path = RecippleaseUITests.xctest; sourceTree = BUILT_PRODUCTS_DIR; };
		533EC8BF2796B0C600A0CAB6 /* RecippleaseUITests.swift */ = {isa = PBXFileReference; lastKnownFileType = sourcecode.swift; path = RecippleaseUITests.swift; sourceTree = "<group>"; };
		533EC8C12796B0C600A0CAB6 /* RecippleaseUITestsLaunchTests.swift */ = {isa = PBXFileReference; lastKnownFileType = sourcecode.swift; path = RecippleaseUITestsLaunchTests.swift; sourceTree = "<group>"; };
		533EC8DC2796ECCC00A0CAB6 /* SearchViewController.swift */ = {isa = PBXFileReference; lastKnownFileType = sourcecode.swift; path = SearchViewController.swift; sourceTree = "<group>"; };
		53558B6E279EEA06005CB587 /* RecipesFavoriteTableViewCell.swift */ = {isa = PBXFileReference; lastKnownFileType = sourcecode.swift; path = RecipesFavoriteTableViewCell.swift; sourceTree = "<group>"; };
		53558B70279EEDAA005CB587 /* FavoriteRecipesViewController.swift */ = {isa = PBXFileReference; lastKnownFileType = sourcecode.swift; path = FavoriteRecipesViewController.swift; sourceTree = "<group>"; };
		53558B72279EF205005CB587 /* FavoriteRecipes.swift */ = {isa = PBXFileReference; lastKnownFileType = sourcecode.swift; path = FavoriteRecipes.swift; sourceTree = "<group>"; };
		5362285D27A6D5530042013C /* UIImageView +.swift */ = {isa = PBXFileReference; fileEncoding = 4; lastKnownFileType = sourcecode.swift; path = "UIImageView +.swift"; sourceTree = "<group>"; };
		5362285F27A6E48C0042013C /* ConfigureRecipeDetails.swift */ = {isa = PBXFileReference; lastKnownFileType = sourcecode.swift; path = ConfigureRecipeDetails.swift; sourceTree = "<group>"; };
		5362286327A83EED0042013C /* Alamofire.xcodeproj */ = {isa = PBXFileReference; lastKnownFileType = "wrapper.pb-project"; name = Alamofire.xcodeproj; path = Alamofire/Alamofire.xcodeproj; sourceTree = SOURCE_ROOT; };
		538574C7279814EB006B8CF4 /* RecipesJSONResponse.swift */ = {isa = PBXFileReference; lastKnownFileType = sourcecode.swift; path = RecipesJSONResponse.swift; sourceTree = "<group>"; };
		538574C9279825D3006B8CF4 /* Search.swift */ = {isa = PBXFileReference; lastKnownFileType = sourcecode.swift; path = Search.swift; sourceTree = "<group>"; };
		538574CB2799BFF1006B8CF4 /* RecipesResearchListViewController.swift */ = {isa = PBXFileReference; lastKnownFileType = sourcecode.swift; path = RecipesResearchListViewController.swift; sourceTree = "<group>"; };
		538574CD2799D0B3006B8CF4 /* RecipesSearchTableViewCell.swift */ = {isa = PBXFileReference; lastKnownFileType = sourcecode.swift; path = RecipesSearchTableViewCell.swift; sourceTree = "<group>"; };
		538574D1279AA2CF006B8CF4 /* AddIngredients.swift */ = {isa = PBXFileReference; lastKnownFileType = sourcecode.swift; path = AddIngredients.swift; sourceTree = "<group>"; };
		53869499279C5B170019E00D /* RecipesDetailsViewController.swift */ = {isa = PBXFileReference; lastKnownFileType = sourcecode.swift; path = RecipesDetailsViewController.swift; sourceTree = "<group>"; };
		5386949B279C62560019E00D /* RecipesIngredients.swift */ = {isa = PBXFileReference; lastKnownFileType = sourcecode.swift; path = RecipesIngredients.swift; sourceTree = "<group>"; };
/* End PBXFileReference section */

/* Begin PBXFrameworksBuildPhase section */
		533EC8952796B0C400A0CAB6 /* Frameworks */ = {
			isa = PBXFrameworksBuildPhase;
			buildActionMask = 2147483647;
			files = (
				5362289A27A84EDD0042013C /* Alamofire.framework in Frameworks */,
			);
			runOnlyForDeploymentPostprocessing = 0;
		};
		533EC8AE2796B0C600A0CAB6 /* Frameworks */ = {
			isa = PBXFrameworksBuildPhase;
			buildActionMask = 2147483647;
			files = (
			);
			runOnlyForDeploymentPostprocessing = 0;
		};
		533EC8B82796B0C600A0CAB6 /* Frameworks */ = {
			isa = PBXFrameworksBuildPhase;
			buildActionMask = 2147483647;
			files = (
			);
			runOnlyForDeploymentPostprocessing = 0;
		};
/* End PBXFrameworksBuildPhase section */

/* Begin PBXGroup section */
		533EC88F2796B0C400A0CAB6 = {
			isa = PBXGroup;
			children = (
				533EC89A2796B0C400A0CAB6 /* Recipplease */,
				533EC8B42796B0C600A0CAB6 /* RecippleaseTests */,
				533EC8BE2796B0C600A0CAB6 /* RecippleaseUITests */,
				533EC8992796B0C400A0CAB6 /* Products */,
				5362287E27A8408D0042013C /* Frameworks */,
			);
			sourceTree = "<group>";
		};
		533EC8992796B0C400A0CAB6 /* Products */ = {
			isa = PBXGroup;
			children = (
				533EC8982796B0C400A0CAB6 /* Recipplease.app */,
				533EC8B12796B0C600A0CAB6 /* RecippleaseTests.xctest */,
				533EC8BB2796B0C600A0CAB6 /* RecippleaseUITests.xctest */,
			);
			name = Products;
			sourceTree = "<group>";
		};
		533EC89A2796B0C400A0CAB6 /* Recipplease */ = {
			isa = PBXGroup;
			children = (
				533EC89B2796B0C400A0CAB6 /* AppDelegate.swift */,
				533EC8D92796D58800A0CAB6 /* Model */,
				533EC8DA2796D58D00A0CAB6 /* Controller */,
				533EC8D82796D58000A0CAB6 /* View */,
				533EC8AC2796B0C600A0CAB6 /* Info.plist */,
				5362286327A83EED0042013C /* Alamofire.xcodeproj */,
			);
			path = Recipplease;
			sourceTree = "<group>";
		};
		533EC8B42796B0C600A0CAB6 /* RecippleaseTests */ = {
			isa = PBXGroup;
			children = (
				533EC8B52796B0C600A0CAB6 /* RecippleaseTests.swift */,
			);
			path = RecippleaseTests;
			sourceTree = "<group>";
		};
		533EC8BE2796B0C600A0CAB6 /* RecippleaseUITests */ = {
			isa = PBXGroup;
			children = (
				533EC8BF2796B0C600A0CAB6 /* RecippleaseUITests.swift */,
				533EC8C12796B0C600A0CAB6 /* RecippleaseUITestsLaunchTests.swift */,
			);
			path = RecippleaseUITests;
			sourceTree = "<group>";
		};
		533EC8D82796D58000A0CAB6 /* View */ = {
			isa = PBXGroup;
			children = (
				538574CD2799D0B3006B8CF4 /* RecipesSearchTableViewCell.swift */,
				53558B6E279EEA06005CB587 /* RecipesFavoriteTableViewCell.swift */,
				533EC8A12796B0C400A0CAB6 /* Main.storyboard */,
				533EC89D2796B0C400A0CAB6 /* SceneDelegate.swift */,
				533EC8A72796B0C600A0CAB6 /* Assets.xcassets */,
				533EC8A92796B0C600A0CAB6 /* LaunchScreen.storyboard */,
				5362285D27A6D5530042013C /* UIImageView +.swift */,
			);
			path = View;
			sourceTree = "<group>";
		};
		533EC8D92796D58800A0CAB6 /* Model */ = {
			isa = PBXGroup;
			children = (
				533EC8DB2796D6DB00A0CAB6 /* CoreData */,
				538574C9279825D3006B8CF4 /* Search.swift */,
				5362285F27A6E48C0042013C /* ConfigureRecipeDetails.swift */,
				538574C7279814EB006B8CF4 /* RecipesJSONResponse.swift */,
				538574D1279AA2CF006B8CF4 /* AddIngredients.swift */,
				53250B1E279AB9B5006ADD60 /* Recipes.swift */,
				5386949B279C62560019E00D /* RecipesIngredients.swift */,
				53558B72279EF205005CB587 /* FavoriteRecipes.swift */,
			);
			path = Model;
			sourceTree = "<group>";
		};
		533EC8DA2796D58D00A0CAB6 /* Controller */ = {
			isa = PBXGroup;
			children = (
				533EC8DC2796ECCC00A0CAB6 /* SearchViewController.swift */,
				538574CB2799BFF1006B8CF4 /* RecipesResearchListViewController.swift */,
				53869499279C5B170019E00D /* RecipesDetailsViewController.swift */,
				53558B70279EEDAA005CB587 /* FavoriteRecipesViewController.swift */,
				53250B20279B1E86006ADD60 /* ErrorController.swift */,
			);
			path = Controller;
			sourceTree = "<group>";
		};
		533EC8DB2796D6DB00A0CAB6 /* CoreData */ = {
			isa = PBXGroup;
			children = (
				533EC8A42796B0C400A0CAB6 /* Recipplease.xcdatamodeld */,
				5324DF7B279D909200961BC8 /* Favorite.swift */,
				5324DF7D279D90CD00961BC8 /* RecipesList.swift */,
				5324DF7F279DA15F00961BC8 /* CoreDataStack.swift */,
			);
			path = CoreData;
			sourceTree = "<group>";
		};
		5362286427A83EED0042013C /* Products */ = {
			isa = PBXGroup;
			children = (
				5362286F27A83EEF0042013C /* Alamofire.framework */,
				5362287127A83EEF0042013C /* Alamofire iOS Tests.xctest */,
				5362287327A83EEF0042013C /* Alamofire.framework */,
				5362287527A83EEF0042013C /* Alamofire macOS Tests.xctest */,
				5362287727A83EEF0042013C /* Alamofire.framework */,
				5362287927A83EEF0042013C /* Alamofire tvOS Tests.xctest */,
				5362287B27A83EEF0042013C /* Alamofire.framework */,
				5362287D27A83EEF0042013C /* Alamofire watchOS Tests.xctest */,
			);
			name = Products;
			sourceTree = "<group>";
		};
		5362287E27A8408D0042013C /* Frameworks */ = {
			isa = PBXGroup;
			children = (
			);
			name = Frameworks;
			sourceTree = "<group>";
		};
/* End PBXGroup section */

/* Begin PBXNativeTarget section */
		533EC8972796B0C400A0CAB6 /* Recipplease */ = {
			isa = PBXNativeTarget;
			buildConfigurationList = 533EC8C52796B0C600A0CAB6 /* Build configuration list for PBXNativeTarget "Recipplease" */;
			buildPhases = (
				533EC8942796B0C400A0CAB6 /* Sources */,
				533EC8952796B0C400A0CAB6 /* Frameworks */,
				533EC8962796B0C400A0CAB6 /* Resources */,
				5362288127A840A70042013C /* Embed Frameworks */,
			);
			buildRules = (
			);
			dependencies = (
			);
			name = Recipplease;
			productName = Recipplease;
			productReference = 533EC8982796B0C400A0CAB6 /* Recipplease.app */;
			productType = "com.apple.product-type.application";
		};
		533EC8B02796B0C600A0CAB6 /* RecippleaseTests */ = {
			isa = PBXNativeTarget;
			buildConfigurationList = 533EC8C82796B0C600A0CAB6 /* Build configuration list for PBXNativeTarget "RecippleaseTests" */;
			buildPhases = (
				533EC8AD2796B0C600A0CAB6 /* Sources */,
				533EC8AE2796B0C600A0CAB6 /* Frameworks */,
				533EC8AF2796B0C600A0CAB6 /* Resources */,
			);
			buildRules = (
			);
			dependencies = (
				533EC8B32796B0C600A0CAB6 /* PBXTargetDependency */,
			);
			name = RecippleaseTests;
			productName = RecippleaseTests;
			productReference = 533EC8B12796B0C600A0CAB6 /* RecippleaseTests.xctest */;
			productType = "com.apple.product-type.bundle.unit-test";
		};
		533EC8BA2796B0C600A0CAB6 /* RecippleaseUITests */ = {
			isa = PBXNativeTarget;
			buildConfigurationList = 533EC8CB2796B0C600A0CAB6 /* Build configuration list for PBXNativeTarget "RecippleaseUITests" */;
			buildPhases = (
				533EC8B72796B0C600A0CAB6 /* Sources */,
				533EC8B82796B0C600A0CAB6 /* Frameworks */,
				533EC8B92796B0C600A0CAB6 /* Resources */,
			);
			buildRules = (
			);
			dependencies = (
				533EC8BD2796B0C600A0CAB6 /* PBXTargetDependency */,
			);
			name = RecippleaseUITests;
			productName = RecippleaseUITests;
			productReference = 533EC8BB2796B0C600A0CAB6 /* RecippleaseUITests.xctest */;
			productType = "com.apple.product-type.bundle.ui-testing";
		};
/* End PBXNativeTarget section */

/* Begin PBXProject section */
		533EC8902796B0C400A0CAB6 /* Project object */ = {
			isa = PBXProject;
			attributes = {
				BuildIndependentTargetsInParallel = 1;
				LastSwiftUpdateCheck = 1310;
				LastUpgradeCheck = 1310;
				TargetAttributes = {
					533EC8972796B0C400A0CAB6 = {
						CreatedOnToolsVersion = 13.1;
					};
					533EC8B02796B0C600A0CAB6 = {
						CreatedOnToolsVersion = 13.1;
						TestTargetID = 533EC8972796B0C400A0CAB6;
					};
					533EC8BA2796B0C600A0CAB6 = {
						CreatedOnToolsVersion = 13.1;
						TestTargetID = 533EC8972796B0C400A0CAB6;
					};
				};
			};
			buildConfigurationList = 533EC8932796B0C400A0CAB6 /* Build configuration list for PBXProject "Recipplease" */;
			compatibilityVersion = "Xcode 13.0";
			developmentRegion = en;
			hasScannedForEncodings = 0;
			knownRegions = (
				en,
				Base,
			);
			mainGroup = 533EC88F2796B0C400A0CAB6;
			productRefGroup = 533EC8992796B0C400A0CAB6 /* Products */;
			projectDirPath = "";
			projectReferences = (
				{
					ProductGroup = 5362286427A83EED0042013C /* Products */;
					ProjectRef = 5362286327A83EED0042013C /* Alamofire.xcodeproj */;
				},
			);
			projectRoot = "";
			targets = (
				533EC8972796B0C400A0CAB6 /* Recipplease */,
				533EC8B02796B0C600A0CAB6 /* RecippleaseTests */,
				533EC8BA2796B0C600A0CAB6 /* RecippleaseUITests */,
			);
		};
/* End PBXProject section */

/* Begin PBXReferenceProxy section */
		5362286F27A83EEF0042013C /* Alamofire.framework */ = {
			isa = PBXReferenceProxy;
			fileType = wrapper.framework;
			path = Alamofire.framework;
			remoteRef = 5362286E27A83EEF0042013C /* PBXContainerItemProxy */;
			sourceTree = BUILT_PRODUCTS_DIR;
		};
		5362287127A83EEF0042013C /* Alamofire iOS Tests.xctest */ = {
			isa = PBXReferenceProxy;
			fileType = wrapper.cfbundle;
			path = "Alamofire iOS Tests.xctest";
			remoteRef = 5362287027A83EEF0042013C /* PBXContainerItemProxy */;
			sourceTree = BUILT_PRODUCTS_DIR;
		};
		5362287327A83EEF0042013C /* Alamofire.framework */ = {
			isa = PBXReferenceProxy;
			fileType = wrapper.framework;
			path = Alamofire.framework;
			remoteRef = 5362287227A83EEF0042013C /* PBXContainerItemProxy */;
			sourceTree = BUILT_PRODUCTS_DIR;
		};
		5362287527A83EEF0042013C /* Alamofire macOS Tests.xctest */ = {
			isa = PBXReferenceProxy;
			fileType = wrapper.cfbundle;
			path = "Alamofire macOS Tests.xctest";
			remoteRef = 5362287427A83EEF0042013C /* PBXContainerItemProxy */;
			sourceTree = BUILT_PRODUCTS_DIR;
		};
		5362287727A83EEF0042013C /* Alamofire.framework */ = {
			isa = PBXReferenceProxy;
			fileType = wrapper.framework;
			path = Alamofire.framework;
			remoteRef = 5362287627A83EEF0042013C /* PBXContainerItemProxy */;
			sourceTree = BUILT_PRODUCTS_DIR;
		};
		5362287927A83EEF0042013C /* Alamofire tvOS Tests.xctest */ = {
			isa = PBXReferenceProxy;
			fileType = wrapper.cfbundle;
			path = "Alamofire tvOS Tests.xctest";
			remoteRef = 5362287827A83EEF0042013C /* PBXContainerItemProxy */;
			sourceTree = BUILT_PRODUCTS_DIR;
		};
		5362287B27A83EEF0042013C /* Alamofire.framework */ = {
			isa = PBXReferenceProxy;
			fileType = wrapper.framework;
			path = Alamofire.framework;
			remoteRef = 5362287A27A83EEF0042013C /* PBXContainerItemProxy */;
			sourceTree = BUILT_PRODUCTS_DIR;
		};
		5362287D27A83EEF0042013C /* Alamofire watchOS Tests.xctest */ = {
			isa = PBXReferenceProxy;
			fileType = wrapper.cfbundle;
			path = "Alamofire watchOS Tests.xctest";
			remoteRef = 5362287C27A83EEF0042013C /* PBXContainerItemProxy */;
			sourceTree = BUILT_PRODUCTS_DIR;
		};
/* End PBXReferenceProxy section */

/* Begin PBXResourcesBuildPhase section */
		533EC8962796B0C400A0CAB6 /* Resources */ = {
			isa = PBXResourcesBuildPhase;
			buildActionMask = 2147483647;
			files = (
				5362289C27A850440042013C /* Main.storyboard in Resources */,
				5362289E27A850520042013C /* Assets.xcassets in Resources */,
				5362289D27A8504E0042013C /* LaunchScreen.storyboard in Resources */,
			);
			runOnlyForDeploymentPostprocessing = 0;
		};
		533EC8AF2796B0C600A0CAB6 /* Resources */ = {
			isa = PBXResourcesBuildPhase;
			buildActionMask = 2147483647;
			files = (
			);
			runOnlyForDeploymentPostprocessing = 0;
		};
		533EC8B92796B0C600A0CAB6 /* Resources */ = {
			isa = PBXResourcesBuildPhase;
			buildActionMask = 2147483647;
			files = (
			);
			runOnlyForDeploymentPostprocessing = 0;
		};
/* End PBXResourcesBuildPhase section */

/* Begin PBXSourcesBuildPhase section */
		533EC8942796B0C400A0CAB6 /* Sources */ = {
			isa = PBXSourcesBuildPhase;
			buildActionMask = 2147483647;
			files = (
				53558B71279EEDAA005CB587 /* FavoriteRecipesViewController.swift in Sources */,
				533EC8DD2796ECCC00A0CAB6 /* SearchViewController.swift in Sources */,
				5324DF7C279D909200961BC8 /* Favorite.swift in Sources */,
				5324DF7E279D90CD00961BC8 /* RecipesList.swift in Sources */,
				538574CC2799BFF1006B8CF4 /* RecipesResearchListViewController.swift in Sources */,
				53250B21279B1E86006ADD60 /* ErrorController.swift in Sources */,
				5386949A279C5B170019E00D /* RecipesDetailsViewController.swift in Sources */,
				533EC8A62796B0C400A0CAB6 /* Recipplease.xcdatamodeld in Sources */,
				53558B6F279EEA06005CB587 /* RecipesFavoriteTableViewCell.swift in Sources */,
				5324DF80279DA15F00961BC8 /* CoreDataStack.swift in Sources */,
				538574CE2799D0B3006B8CF4 /* RecipesSearchTableViewCell.swift in Sources */,
				53558B73279EF205005CB587 /* FavoriteRecipes.swift in Sources */,
				5386949C279C62560019E00D /* RecipesIngredients.swift in Sources */,
				533EC89C2796B0C400A0CAB6 /* AppDelegate.swift in Sources */,
				53250B1F279AB9B5006ADD60 /* Recipes.swift in Sources */,
				533EC89E2796B0C400A0CAB6 /* SceneDelegate.swift in Sources */,
				538574C8279814EC006B8CF4 /* RecipesJSONResponse.swift in Sources */,
				538574D2279AA2CF006B8CF4 /* AddIngredients.swift in Sources */,
				538574CA279825D3006B8CF4 /* Search.swift in Sources */,
				5362286027A6E48C0042013C /* ConfigureRecipeDetails.swift in Sources */,
				5362285E27A6D5530042013C /* UIImageView +.swift in Sources */,
			);
			runOnlyForDeploymentPostprocessing = 0;
		};
		533EC8AD2796B0C600A0CAB6 /* Sources */ = {
			isa = PBXSourcesBuildPhase;
			buildActionMask = 2147483647;
			files = (
				533EC8B62796B0C600A0CAB6 /* RecippleaseTests.swift in Sources */,
			);
			runOnlyForDeploymentPostprocessing = 0;
		};
		533EC8B72796B0C600A0CAB6 /* Sources */ = {
			isa = PBXSourcesBuildPhase;
			buildActionMask = 2147483647;
			files = (
				533EC8C22796B0C600A0CAB6 /* RecippleaseUITestsLaunchTests.swift in Sources */,
				533EC8C02796B0C600A0CAB6 /* RecippleaseUITests.swift in Sources */,
			);
			runOnlyForDeploymentPostprocessing = 0;
		};
/* End PBXSourcesBuildPhase section */

/* Begin PBXTargetDependency section */
		533EC8B32796B0C600A0CAB6 /* PBXTargetDependency */ = {
			isa = PBXTargetDependency;
			target = 533EC8972796B0C400A0CAB6 /* Recipplease */;
			targetProxy = 533EC8B22796B0C600A0CAB6 /* PBXContainerItemProxy */;
		};
		533EC8BD2796B0C600A0CAB6 /* PBXTargetDependency */ = {
			isa = PBXTargetDependency;
			target = 533EC8972796B0C400A0CAB6 /* Recipplease */;
			targetProxy = 533EC8BC2796B0C600A0CAB6 /* PBXContainerItemProxy */;
		};
/* End PBXTargetDependency section */

/* Begin PBXVariantGroup section */
		533EC8A12796B0C400A0CAB6 /* Main.storyboard */ = {
			isa = PBXVariantGroup;
			children = (
				533EC8A22796B0C400A0CAB6 /* Base */,
			);
			name = Main.storyboard;
			sourceTree = "<group>";
		};
		533EC8A92796B0C600A0CAB6 /* LaunchScreen.storyboard */ = {
			isa = PBXVariantGroup;
			children = (
				533EC8AA2796B0C600A0CAB6 /* Base */,
			);
			name = LaunchScreen.storyboard;
			sourceTree = "<group>";
		};
/* End PBXVariantGroup section */

/* Begin XCBuildConfiguration section */
		533EC8C32796B0C600A0CAB6 /* Debug */ = {
			isa = XCBuildConfiguration;
			buildSettings = {
				ALWAYS_SEARCH_USER_PATHS = NO;
				CLANG_ANALYZER_NONNULL = YES;
				CLANG_ANALYZER_NUMBER_OBJECT_CONVERSION = YES_AGGRESSIVE;
				CLANG_CXX_LANGUAGE_STANDARD = "gnu++17";
				CLANG_CXX_LIBRARY = "libc++";
				CLANG_ENABLE_MODULES = YES;
				CLANG_ENABLE_OBJC_ARC = YES;
				CLANG_ENABLE_OBJC_WEAK = YES;
				CLANG_WARN_BLOCK_CAPTURE_AUTORELEASING = YES;
				CLANG_WARN_BOOL_CONVERSION = YES;
				CLANG_WARN_COMMA = YES;
				CLANG_WARN_CONSTANT_CONVERSION = YES;
				CLANG_WARN_DEPRECATED_OBJC_IMPLEMENTATIONS = YES;
				CLANG_WARN_DIRECT_OBJC_ISA_USAGE = YES_ERROR;
				CLANG_WARN_DOCUMENTATION_COMMENTS = YES;
				CLANG_WARN_EMPTY_BODY = YES;
				CLANG_WARN_ENUM_CONVERSION = YES;
				CLANG_WARN_INFINITE_RECURSION = YES;
				CLANG_WARN_INT_CONVERSION = YES;
				CLANG_WARN_NON_LITERAL_NULL_CONVERSION = YES;
				CLANG_WARN_OBJC_IMPLICIT_RETAIN_SELF = YES;
				CLANG_WARN_OBJC_LITERAL_CONVERSION = YES;
				CLANG_WARN_OBJC_ROOT_CLASS = YES_ERROR;
				CLANG_WARN_QUOTED_INCLUDE_IN_FRAMEWORK_HEADER = YES;
				CLANG_WARN_RANGE_LOOP_ANALYSIS = YES;
				CLANG_WARN_STRICT_PROTOTYPES = YES;
				CLANG_WARN_SUSPICIOUS_MOVE = YES;
				CLANG_WARN_UNGUARDED_AVAILABILITY = YES_AGGRESSIVE;
				CLANG_WARN_UNREACHABLE_CODE = YES;
				CLANG_WARN__DUPLICATE_METHOD_MATCH = YES;
				COPY_PHASE_STRIP = NO;
				DEBUG_INFORMATION_FORMAT = dwarf;
				ENABLE_STRICT_OBJC_MSGSEND = YES;
				ENABLE_TESTABILITY = YES;
				GCC_C_LANGUAGE_STANDARD = gnu11;
				GCC_DYNAMIC_NO_PIC = NO;
				GCC_NO_COMMON_BLOCKS = YES;
				GCC_OPTIMIZATION_LEVEL = 0;
				GCC_PREPROCESSOR_DEFINITIONS = (
					"DEBUG=1",
					"$(inherited)",
				);
				GCC_WARN_64_TO_32_BIT_CONVERSION = YES;
				GCC_WARN_ABOUT_RETURN_TYPE = YES_ERROR;
				GCC_WARN_UNDECLARED_SELECTOR = YES;
				GCC_WARN_UNINITIALIZED_AUTOS = YES_AGGRESSIVE;
				GCC_WARN_UNUSED_FUNCTION = YES;
				GCC_WARN_UNUSED_VARIABLE = YES;
				IPHONEOS_DEPLOYMENT_TARGET = 15.0;
				MTL_ENABLE_DEBUG_INFO = INCLUDE_SOURCE;
				MTL_FAST_MATH = YES;
				ONLY_ACTIVE_ARCH = YES;
				SDKROOT = iphoneos;
				SWIFT_ACTIVE_COMPILATION_CONDITIONS = DEBUG;
				SWIFT_OPTIMIZATION_LEVEL = "-Onone";
			};
			name = Debug;
		};
		533EC8C42796B0C600A0CAB6 /* Release */ = {
			isa = XCBuildConfiguration;
			buildSettings = {
				ALWAYS_SEARCH_USER_PATHS = NO;
				CLANG_ANALYZER_NONNULL = YES;
				CLANG_ANALYZER_NUMBER_OBJECT_CONVERSION = YES_AGGRESSIVE;
				CLANG_CXX_LANGUAGE_STANDARD = "gnu++17";
				CLANG_CXX_LIBRARY = "libc++";
				CLANG_ENABLE_MODULES = YES;
				CLANG_ENABLE_OBJC_ARC = YES;
				CLANG_ENABLE_OBJC_WEAK = YES;
				CLANG_WARN_BLOCK_CAPTURE_AUTORELEASING = YES;
				CLANG_WARN_BOOL_CONVERSION = YES;
				CLANG_WARN_COMMA = YES;
				CLANG_WARN_CONSTANT_CONVERSION = YES;
				CLANG_WARN_DEPRECATED_OBJC_IMPLEMENTATIONS = YES;
				CLANG_WARN_DIRECT_OBJC_ISA_USAGE = YES_ERROR;
				CLANG_WARN_DOCUMENTATION_COMMENTS = YES;
				CLANG_WARN_EMPTY_BODY = YES;
				CLANG_WARN_ENUM_CONVERSION = YES;
				CLANG_WARN_INFINITE_RECURSION = YES;
				CLANG_WARN_INT_CONVERSION = YES;
				CLANG_WARN_NON_LITERAL_NULL_CONVERSION = YES;
				CLANG_WARN_OBJC_IMPLICIT_RETAIN_SELF = YES;
				CLANG_WARN_OBJC_LITERAL_CONVERSION = YES;
				CLANG_WARN_OBJC_ROOT_CLASS = YES_ERROR;
				CLANG_WARN_QUOTED_INCLUDE_IN_FRAMEWORK_HEADER = YES;
				CLANG_WARN_RANGE_LOOP_ANALYSIS = YES;
				CLANG_WARN_STRICT_PROTOTYPES = YES;
				CLANG_WARN_SUSPICIOUS_MOVE = YES;
				CLANG_WARN_UNGUARDED_AVAILABILITY = YES_AGGRESSIVE;
				CLANG_WARN_UNREACHABLE_CODE = YES;
				CLANG_WARN__DUPLICATE_METHOD_MATCH = YES;
				COPY_PHASE_STRIP = NO;
				DEBUG_INFORMATION_FORMAT = "dwarf-with-dsym";
				ENABLE_NS_ASSERTIONS = NO;
				ENABLE_STRICT_OBJC_MSGSEND = YES;
				GCC_C_LANGUAGE_STANDARD = gnu11;
				GCC_NO_COMMON_BLOCKS = YES;
				GCC_WARN_64_TO_32_BIT_CONVERSION = YES;
				GCC_WARN_ABOUT_RETURN_TYPE = YES_ERROR;
				GCC_WARN_UNDECLARED_SELECTOR = YES;
				GCC_WARN_UNINITIALIZED_AUTOS = YES_AGGRESSIVE;
				GCC_WARN_UNUSED_FUNCTION = YES;
				GCC_WARN_UNUSED_VARIABLE = YES;
				IPHONEOS_DEPLOYMENT_TARGET = 15.0;
				MTL_ENABLE_DEBUG_INFO = NO;
				MTL_FAST_MATH = YES;
				SDKROOT = iphoneos;
				SWIFT_COMPILATION_MODE = wholemodule;
				SWIFT_OPTIMIZATION_LEVEL = "-O";
				VALIDATE_PRODUCT = YES;
			};
			name = Release;
		};
		533EC8C62796B0C600A0CAB6 /* Debug */ = {
			isa = XCBuildConfiguration;
			buildSettings = {
				ASSETCATALOG_COMPILER_APPICON_NAME = AppIcon;
				ASSETCATALOG_COMPILER_GLOBAL_ACCENT_COLOR_NAME = AccentColor;
				CODE_SIGN_STYLE = Automatic;
				CURRENT_PROJECT_VERSION = 1;
				GENERATE_INFOPLIST_FILE = YES;
				INFOPLIST_FILE = Recipplease/Info.plist;
				INFOPLIST_KEY_UIApplicationSupportsIndirectInputEvents = YES;
				INFOPLIST_KEY_UILaunchStoryboardName = LaunchScreen;
				INFOPLIST_KEY_UISupportedInterfaceOrientations = UIInterfaceOrientationPortrait;
				INFOPLIST_KEY_UISupportedInterfaceOrientations_iPad = "UIInterfaceOrientationPortrait UIInterfaceOrientationPortraitUpsideDown UIInterfaceOrientationLandscapeLeft UIInterfaceOrientationLandscapeRight";
				INFOPLIST_KEY_UISupportedInterfaceOrientations_iPhone = "UIInterfaceOrientationPortrait UIInterfaceOrientationLandscapeLeft UIInterfaceOrientationLandscapeRight";
				LD_RUNPATH_SEARCH_PATHS = (
					"$(inherited)",
					"@executable_path/Frameworks",
				);
				MARKETING_VERSION = 1.0;
				PRODUCT_BUNDLE_IDENTIFIER = frbgndhayan.Recipplease;
				PRODUCT_NAME = "$(TARGET_NAME)";
				SWIFT_EMIT_LOC_STRINGS = YES;
				SWIFT_VERSION = 5.0;
				TARGETED_DEVICE_FAMILY = 1;
			};
			name = Debug;
		};
		533EC8C72796B0C600A0CAB6 /* Release */ = {
			isa = XCBuildConfiguration;
			buildSettings = {
				ASSETCATALOG_COMPILER_APPICON_NAME = AppIcon;
				ASSETCATALOG_COMPILER_GLOBAL_ACCENT_COLOR_NAME = AccentColor;
				CODE_SIGN_STYLE = Automatic;
				CURRENT_PROJECT_VERSION = 1;
				GENERATE_INFOPLIST_FILE = YES;
				INFOPLIST_FILE = Recipplease/Info.plist;
				INFOPLIST_KEY_UIApplicationSupportsIndirectInputEvents = YES;
				INFOPLIST_KEY_UILaunchStoryboardName = LaunchScreen;
				INFOPLIST_KEY_UISupportedInterfaceOrientations = UIInterfaceOrientationPortrait;
				INFOPLIST_KEY_UISupportedInterfaceOrientations_iPad = "UIInterfaceOrientationPortrait UIInterfaceOrientationPortraitUpsideDown UIInterfaceOrientationLandscapeLeft UIInterfaceOrientationLandscapeRight";
				INFOPLIST_KEY_UISupportedInterfaceOrientations_iPhone = "UIInterfaceOrientationPortrait UIInterfaceOrientationLandscapeLeft UIInterfaceOrientationLandscapeRight";
				LD_RUNPATH_SEARCH_PATHS = (
					"$(inherited)",
					"@executable_path/Frameworks",
				);
				MARKETING_VERSION = 1.0;
				PRODUCT_BUNDLE_IDENTIFIER = frbgndhayan.Recipplease;
				PRODUCT_NAME = "$(TARGET_NAME)";
				SWIFT_EMIT_LOC_STRINGS = YES;
				SWIFT_VERSION = 5.0;
				TARGETED_DEVICE_FAMILY = 1;
			};
			name = Release;
		};
		533EC8C92796B0C600A0CAB6 /* Debug */ = {
			isa = XCBuildConfiguration;
			buildSettings = {
				ALWAYS_EMBED_SWIFT_STANDARD_LIBRARIES = YES;
				BUNDLE_LOADER = "$(TEST_HOST)";
				CODE_SIGN_STYLE = Automatic;
				CURRENT_PROJECT_VERSION = 1;
				GENERATE_INFOPLIST_FILE = YES;
				IPHONEOS_DEPLOYMENT_TARGET = 15.0;
				LD_RUNPATH_SEARCH_PATHS = (
					"$(inherited)",
					"@executable_path/Frameworks",
					"@loader_path/Frameworks",
				);
				MARKETING_VERSION = 1.0;
				PRODUCT_BUNDLE_IDENTIFIER = frbgndhayan.RecippleaseTests;
				PRODUCT_NAME = "$(TARGET_NAME)";
				SWIFT_EMIT_LOC_STRINGS = NO;
				SWIFT_VERSION = 5.0;
				TARGETED_DEVICE_FAMILY = "1,2";
				TEST_HOST = "$(BUILT_PRODUCTS_DIR)/Recipplease.app/Recipplease";
			};
			name = Debug;
		};
		533EC8CA2796B0C600A0CAB6 /* Release */ = {
			isa = XCBuildConfiguration;
			buildSettings = {
				ALWAYS_EMBED_SWIFT_STANDARD_LIBRARIES = YES;
				BUNDLE_LOADER = "$(TEST_HOST)";
				CODE_SIGN_STYLE = Automatic;
				CURRENT_PROJECT_VERSION = 1;
				GENERATE_INFOPLIST_FILE = YES;
				IPHONEOS_DEPLOYMENT_TARGET = 15.0;
				LD_RUNPATH_SEARCH_PATHS = (
					"$(inherited)",
					"@executable_path/Frameworks",
					"@loader_path/Frameworks",
				);
				MARKETING_VERSION = 1.0;
				PRODUCT_BUNDLE_IDENTIFIER = frbgndhayan.RecippleaseTests;
				PRODUCT_NAME = "$(TARGET_NAME)";
				SWIFT_EMIT_LOC_STRINGS = NO;
				SWIFT_VERSION = 5.0;
				TARGETED_DEVICE_FAMILY = "1,2";
				TEST_HOST = "$(BUILT_PRODUCTS_DIR)/Recipplease.app/Recipplease";
			};
			name = Release;
		};
		533EC8CC2796B0C600A0CAB6 /* Debug */ = {
			isa = XCBuildConfiguration;
			buildSettings = {
				ALWAYS_EMBED_SWIFT_STANDARD_LIBRARIES = YES;
				CODE_SIGN_STYLE = Automatic;
				CURRENT_PROJECT_VERSION = 1;
				GENERATE_INFOPLIST_FILE = YES;
				LD_RUNPATH_SEARCH_PATHS = (
					"$(inherited)",
					"@executable_path/Frameworks",
					"@loader_path/Frameworks",
				);
				MARKETING_VERSION = 1.0;
				PRODUCT_BUNDLE_IDENTIFIER = frbgndhayan.RecippleaseUITests;
				PRODUCT_NAME = "$(TARGET_NAME)";
				SWIFT_EMIT_LOC_STRINGS = NO;
				SWIFT_VERSION = 5.0;
				TARGETED_DEVICE_FAMILY = "1,2";
				TEST_TARGET_NAME = Recipplease;
			};
			name = Debug;
		};
		533EC8CD2796B0C600A0CAB6 /* Release */ = {
			isa = XCBuildConfiguration;
			buildSettings = {
				ALWAYS_EMBED_SWIFT_STANDARD_LIBRARIES = YES;
				CODE_SIGN_STYLE = Automatic;
				CURRENT_PROJECT_VERSION = 1;
				GENERATE_INFOPLIST_FILE = YES;
				LD_RUNPATH_SEARCH_PATHS = (
					"$(inherited)",
					"@executable_path/Frameworks",
					"@loader_path/Frameworks",
				);
				MARKETING_VERSION = 1.0;
				PRODUCT_BUNDLE_IDENTIFIER = frbgndhayan.RecippleaseUITests;
				PRODUCT_NAME = "$(TARGET_NAME)";
				SWIFT_EMIT_LOC_STRINGS = NO;
				SWIFT_VERSION = 5.0;
				TARGETED_DEVICE_FAMILY = "1,2";
				TEST_TARGET_NAME = Recipplease;
			};
			name = Release;
		};
/* End XCBuildConfiguration section */

/* Begin XCConfigurationList section */
		533EC8932796B0C400A0CAB6 /* Build configuration list for PBXProject "Recipplease" */ = {
			isa = XCConfigurationList;
			buildConfigurations = (
				533EC8C32796B0C600A0CAB6 /* Debug */,
				533EC8C42796B0C600A0CAB6 /* Release */,
			);
			defaultConfigurationIsVisible = 0;
			defaultConfigurationName = Release;
		};
		533EC8C52796B0C600A0CAB6 /* Build configuration list for PBXNativeTarget "Recipplease" */ = {
			isa = XCConfigurationList;
			buildConfigurations = (
				533EC8C62796B0C600A0CAB6 /* Debug */,
				533EC8C72796B0C600A0CAB6 /* Release */,
			);
			defaultConfigurationIsVisible = 0;
			defaultConfigurationName = Release;
		};
		533EC8C82796B0C600A0CAB6 /* Build configuration list for PBXNativeTarget "RecippleaseTests" */ = {
			isa = XCConfigurationList;
			buildConfigurations = (
				533EC8C92796B0C600A0CAB6 /* Debug */,
				533EC8CA2796B0C600A0CAB6 /* Release */,
			);
			defaultConfigurationIsVisible = 0;
			defaultConfigurationName = Release;
		};
		533EC8CB2796B0C600A0CAB6 /* Build configuration list for PBXNativeTarget "RecippleaseUITests" */ = {
			isa = XCConfigurationList;
			buildConfigurations = (
				533EC8CC2796B0C600A0CAB6 /* Debug */,
				533EC8CD2796B0C600A0CAB6 /* Release */,
			);
			defaultConfigurationIsVisible = 0;
			defaultConfigurationName = Release;
		};
/* End XCConfigurationList section */

/* Begin XCVersionGroup section */
		533EC8A42796B0C400A0CAB6 /* Recipplease.xcdatamodeld */ = {
			isa = XCVersionGroup;
			children = (
				533EC8A52796B0C400A0CAB6 /* Recipplease.xcdatamodel */,
			);
			currentVersion = 533EC8A52796B0C400A0CAB6 /* Recipplease.xcdatamodel */;
			path = Recipplease.xcdatamodeld;
			sourceTree = "<group>";
			versionGroupType = wrapper.xcdatamodel;
		};
/* End XCVersionGroup section */
	};
	rootObject = 533EC8902796B0C400A0CAB6 /* Project object */;
}
